
Microsoft Visual Studio Solution File, Format Version 12.00
# Visual Studio Version 17
VisualStudioVersion = 17.14.36603.0 d17.14
MinimumVisualStudioVersion = 10.0.40219.1
Project("{FAE04EC0-301F-11D3-BF4B-00C04F79EFBC}") = "QualityAudit", "QualityAudit.csproj", "{99FC35A5-03E6-52CA-2332-A11645F019F0}"
EndProject
Global
	GlobalSection(SolutionConfigurationPlatforms) = preSolution
		Debug|Any CPU = Debug|Any CPU
		Release|Any CPU = Release|Any CPU
	EndGlobalSection
	GlobalSection(ProjectConfigurationPlatforms) = postSolution
		{99FC35A5-03E6-52CA-2332-A11645F019F0}.Debug|Any CPU.ActiveCfg = Debug|Any CPU
		{99FC35A5-03E6-52CA-2332-A11645F019F0}.Debug|Any CPU.Build.0 = Debug|Any CPU
		{99FC35A5-03E6-52CA-2332-A11645F019F0}.Release|Any CPU.ActiveCfg = Release|Any CPU
		{99FC35A5-03E6-52CA-2332-A11645F019F0}.Release|Any CPU.Build.0 = Release|Any CPU
	EndGlobalSection
	GlobalSection(SolutionProperties) = preSolution
		HideSolutionNode = FALSE
	EndGlobalSection
	GlobalSection(ExtensibilityGlobals) = postSolution
		SolutionGuid = {BF6FE9E8-4DB7-4BB2-8344-5E6235F507C4}
	EndGlobalSection
EndGlobal
